
Microsoft Visual Studio Solution File, Format Version 12.00
# Visual Studio 15
VisualStudioVersion = 15.0.28010.2026
MinimumVisualStudioVersion = 10.0.40219.1
Project("{9A19103F-16F7-4668-BE54-9A1E7A4F7556}") = "AgribattleArena.BackendServer", "AgribattleArena.BackendServer\AgribattleArena.BackendServer.csproj", "{9F63D99E-D4F2-4518-9FDB-345779EA0674}"
EndProject
Project("{9A19103F-16F7-4668-BE54-9A1E7A4F7556}") = "AgribattleArena.Tests", "AgribattleArena.Tests\AgribattleArena.Tests.csproj", "{AC4584BE-571E-405B-83A6-529935C1CA33}"
EndProject
Project("{9A19103F-16F7-4668-BE54-9A1E7A4F7556}") = "AgribattleArena.Engine", "AgribattleArena.Engine\AgribattleArena.Engine.csproj", "{8605839C-DA6E-4713-8CA2-A366CCBFEF84}"
EndProject
Project("{9A19103F-16F7-4668-BE54-9A1E7A4F7556}") = "AgribattleArena.DBProvider", "AgribattleArena.DBProvider\AgribattleArena.DBProvider.csproj", "{E5EF7BB2-981D-4A4D-B7FF-E8DAA8BEC757}"
EndProject
Project("{9A19103F-16F7-4668-BE54-9A1E7A4F7556}") = "AgribattleArena.Configurator", "AgribattleArena.Configurator\AgribattleArena.Configurator.csproj", "{71EEAF87-B674-4869-BD4B-F8AB75DFD85E}"
EndProject
Project("{FAE04EC0-301F-11D3-BF4B-00C04F79EFBC}") = "AgribattleArena.BrowserClient", "AgribattleArena.BrowserClient\AgribattleArena.BrowserClient.csproj", "{047EABE6-8C20-43A3-9DDD-4BAAF9755CA5}"
EndProject
Global
	GlobalSection(SolutionConfigurationPlatforms) = preSolution
		Debug|Any CPU = Debug|Any CPU
		Release|Any CPU = Release|Any CPU
	EndGlobalSection
	GlobalSection(ProjectConfigurationPlatforms) = postSolution
		{9F63D99E-D4F2-4518-9FDB-345779EA0674}.Debug|Any CPU.ActiveCfg = Debug|Any CPU
		{9F63D99E-D4F2-4518-9FDB-345779EA0674}.Debug|Any CPU.Build.0 = Debug|Any CPU
		{9F63D99E-D4F2-4518-9FDB-345779EA0674}.Release|Any CPU.ActiveCfg = Release|Any CPU
		{9F63D99E-D4F2-4518-9FDB-345779EA0674}.Release|Any CPU.Build.0 = Release|Any CPU
		{AC4584BE-571E-405B-83A6-529935C1CA33}.Debug|Any CPU.ActiveCfg = Debug|Any CPU
		{AC4584BE-571E-405B-83A6-529935C1CA33}.Debug|Any CPU.Build.0 = Debug|Any CPU
		{AC4584BE-571E-405B-83A6-529935C1CA33}.Release|Any CPU.ActiveCfg = Release|Any CPU
		{AC4584BE-571E-405B-83A6-529935C1CA33}.Release|Any CPU.Build.0 = Release|Any CPU
		{8605839C-DA6E-4713-8CA2-A366CCBFEF84}.Debug|Any CPU.ActiveCfg = Debug|Any CPU
		{8605839C-DA6E-4713-8CA2-A366CCBFEF84}.Debug|Any CPU.Build.0 = Debug|Any CPU
		{8605839C-DA6E-4713-8CA2-A366CCBFEF84}.Release|Any CPU.ActiveCfg = Release|Any CPU
		{8605839C-DA6E-4713-8CA2-A366CCBFEF84}.Release|Any CPU.Build.0 = Release|Any CPU
		{E5EF7BB2-981D-4A4D-B7FF-E8DAA8BEC757}.Debug|Any CPU.ActiveCfg = Debug|Any CPU
		{E5EF7BB2-981D-4A4D-B7FF-E8DAA8BEC757}.Debug|Any CPU.Build.0 = Debug|Any CPU
		{E5EF7BB2-981D-4A4D-B7FF-E8DAA8BEC757}.Release|Any CPU.ActiveCfg = Release|Any CPU
		{E5EF7BB2-981D-4A4D-B7FF-E8DAA8BEC757}.Release|Any CPU.Build.0 = Release|Any CPU
		{71EEAF87-B674-4869-BD4B-F8AB75DFD85E}.Debug|Any CPU.ActiveCfg = Debug|Any CPU
		{71EEAF87-B674-4869-BD4B-F8AB75DFD85E}.Debug|Any CPU.Build.0 = Debug|Any CPU
		{71EEAF87-B674-4869-BD4B-F8AB75DFD85E}.Release|Any CPU.ActiveCfg = Release|Any CPU
		{71EEAF87-B674-4869-BD4B-F8AB75DFD85E}.Release|Any CPU.Build.0 = Release|Any CPU
		{047EABE6-8C20-43A3-9DDD-4BAAF9755CA5}.Debug|Any CPU.ActiveCfg = Debug|Any CPU
		{047EABE6-8C20-43A3-9DDD-4BAAF9755CA5}.Debug|Any CPU.Build.0 = Debug|Any CPU
		{047EABE6-8C20-43A3-9DDD-4BAAF9755CA5}.Release|Any CPU.ActiveCfg = Release|Any CPU
		{047EABE6-8C20-43A3-9DDD-4BAAF9755CA5}.Release|Any CPU.Build.0 = Release|Any CPU
	EndGlobalSection
	GlobalSection(SolutionProperties) = preSolution
		HideSolutionNode = FALSE
	EndGlobalSection
	GlobalSection(ExtensibilityGlobals) = postSolution
		SolutionGuid = {A858FD9A-99A7-4558-9675-4353DE2D9DA9}
	EndGlobalSection
EndGlobal
